{
  "name": "api-worker",
  "lockfileVersion": 3,
  "requires": true,
  "packages": {
    "": {
      "devDependencies": {
        "@cloudflare/workers-types": "^4.20260123.0"
      }
    },
    "node_modules/@cloudflare/workers-types": {
      "version": "4.20260123.0",
      "resolved": "https://registry.npmjs.org/@cloudflare/workers-types/-/workers-types-4.20260123.0.tgz",
      "integrity": "sha512-pQccZ8IDLFKkvdKBXZRPkbMtWtS7vVz1giJGkAAZ5cZH2RHK5Bs6p1OoVZA8Z2Sry8Q0tZbZ5Yjud4R7SrG3KQ==",
      "dev": true,
      "license": "MIT OR Apache-2.0"
    }
  }
}
